
Microsoft Visual Studio Solution File, Format Version 12.00
# Visual Studio Version 17
VisualStudioVersion = 17.8.34330.188
MinimumVisualStudioVersion = 10.0.40219.1
Project("{FAE04EC0-301F-11D3-BF4B-00C04F79EFBC}") = "sarah's project", "sarah's project\sarah's project.csproj", "{5E1D7133-26C0-4174-883F-030907064BEB}"
EndProject
Global
	GlobalSection(SolutionConfigurationPlatforms) = preSolution
		Debug|Any CPU = Debug|Any CPU
		Release|Any CPU = Release|Any CPU
	EndGlobalSection
	GlobalSection(ProjectConfigurationPlatforms) = postSolution
		{5E1D7133-26C0-4174-883F-030907064BEB}.Debug|Any CPU.ActiveCfg = Debug|Any CPU
		{5E1D7133-26C0-4174-883F-030907064BEB}.Debug|Any CPU.Build.0 = Debug|Any CPU
		{5E1D7133-26C0-4174-883F-030907064BEB}.Release|Any CPU.ActiveCfg = Release|Any CPU
		{5E1D7133-26C0-4174-883F-030907064BEB}.Release|Any CPU.Build.0 = Release|Any CPU
	EndGlobalSection
	GlobalSection(SolutionProperties) = preSolution
		HideSolutionNode = FALSE
	EndGlobalSection
	GlobalSection(ExtensibilityGlobals) = postSolution
		SolutionGuid = {CAEA3882-5333-4F6F-9A85-9C762B012B20}
	EndGlobalSection
EndGlobal
